[[package]]
category = "dev"
description = "A small Python module for determining appropriate platform-specific dirs, e.g. a \"user data dir\"."
name = "appdirs"
optional = false
python-versions = "*"
version = "1.4.4"

[[package]]
category = "dev"
description = "Atomic file writes."
marker = "sys_platform == \"win32\""
name = "atomicwrites"
optional = false
python-versions = ">=2.7, !=3.0.*, !=3.1.*, !=3.2.*, !=3.3.*"
version = "1.4.0"

[[package]]
category = "dev"
description = "Classes Without Boilerplate"
name = "attrs"
optional = false
python-versions = ">=2.7, !=3.0.*, !=3.1.*, !=3.2.*, !=3.3.*"
version = "19.3.0"

[package.extras]
azure-pipelines = ["coverage", "hypothesis", "pympler", "pytest (>=4.3.0)", "six", "zope.interface", "pytest-azurepipelines"]
dev = ["coverage", "hypothesis", "pympler", "pytest (>=4.3.0)", "six", "zope.interface", "sphinx", "pre-commit"]
docs = ["sphinx", "zope.interface"]
tests = ["coverage", "hypothesis", "pympler", "pytest (>=4.3.0)", "six", "zope.interface"]

[[package]]
category = "main"
description = "Cross-platform colored terminal text."
name = "colorama"
optional = false
python-versions = ">=2.7, !=3.0.*, !=3.1.*, !=3.2.*, !=3.3.*, !=3.4.*"
version = "0.4.3"

[[package]]
category = "dev"
description = "Code coverage measurement for Python"
name = "coverage"
optional = false
python-versions = ">=2.7, !=3.0.*, !=3.1.*, !=3.2.*, !=3.3.*, !=3.4.*, <4"
version = "5.2"

[package.extras]
toml = ["toml"]

[[package]]
category = "dev"
description = "Distribution utilities"
name = "distlib"
optional = false
python-versions = "*"
version = "0.3.1"

[[package]]
category = "dev"
description = "A platform independent file lock."
name = "filelock"
optional = false
python-versions = "*"
version = "3.0.12"

[[package]]
category = "dev"
description = "Powerful and Pythonic XML processing library combining libxml2/libxslt with the ElementTree API."
name = "lxml"
optional = false
python-versions = ">=2.7, !=3.0.*, !=3.1.*, !=3.2.*, !=3.3.*, != 3.4.*"
version = "4.5.2"

[package.extras]
cssselect = ["cssselect (>=0.7)"]
html5 = ["html5lib"]
htmlsoup = ["beautifulsoup4"]
source = ["Cython (>=0.29.7)"]

[[package]]
category = "dev"
description = "More routines for operating on iterables, beyond itertools"
name = "more-itertools"
optional = false
python-versions = ">=3.5"
version = "8.4.0"

[[package]]
category = "dev"
description = "Core utilities for Python packages"
name = "packaging"
optional = false
python-versions = ">=2.7, !=3.0.*, !=3.1.*, !=3.2.*, !=3.3.*"
version = "20.4"

[package.dependencies]
pyparsing = ">=2.0.2"
six = "*"

[[package]]
category = "dev"
description = "plugin and hook calling mechanisms for python"
name = "pluggy"
optional = false
python-versions = ">=2.7, !=3.0.*, !=3.1.*, !=3.2.*, !=3.3.*"
version = "0.13.1"

[package.extras]
dev = ["pre-commit", "tox"]

[[package]]
category = "dev"
description = "library with cross-python path, ini-parsing, io, code, log facilities"
name = "py"
optional = false
python-versions = ">=2.7, !=3.0.*, !=3.1.*, !=3.2.*, !=3.3.*"
version = "1.9.0"

[[package]]
category = "dev"
description = "Python parsing module"
name = "pyparsing"
optional = false
python-versions = ">=2.6, !=3.0.*, !=3.1.*, !=3.2.*"
version = "2.4.7"

[[package]]
category = "dev"
description = "pytest: simple powerful testing with Python"
name = "pytest"
optional = false
python-versions = ">=3.5"
version = "5.4.3"

[package.dependencies]
atomicwrites = ">=1.0"
attrs = ">=17.4.0"
colorama = "*"
more-itertools = ">=4.0.0"
packaging = "*"
pluggy = ">=0.12,<1.0"
py = ">=1.5.0"
wcwidth = "*"

[package.extras]
checkqa-mypy = ["mypy (v0.761)"]
testing = ["argcomplete", "hypothesis (>=3.56)", "mock", "nose", "requests", "xmlschema"]

[[package]]
category = "dev"
description = "Pytest plugin for measuring coverage."
name = "pytest-cov"
optional = false
python-versions = ">=2.7, !=3.0.*, !=3.1.*, !=3.2.*, !=3.3.*, !=3.4.*"
version = "2.10.0"

[package.dependencies]
coverage = ">=4.4"
pytest = ">=4.6"

[package.extras]
testing = ["fields", "hunter", "process-tests (2.0.2)", "six", "pytest-xdist", "virtualenv"]

[[package]]
category = "dev"
description = "Pytest plugin for measuring coverage. Forked from `pytest-cov`."
name = "pytest-cover"
optional = false
python-versions = "*"
version = "3.0.0"

[package.dependencies]
pytest-cov = ">=2.0"

[[package]]
category = "dev"
description = "Pytest plugin for measuring coverage. Forked from `pytest-cov`."
name = "pytest-coverage"
optional = false
python-versions = "*"
version = "0.0"

[package.dependencies]
pytest-cover = "*"

[[package]]
category = "dev"
description = "Thin-wrapper around the mock package for easier use with pytest"
name = "pytest-mock"
optional = false
python-versions = ">=3.5"
version = "3.2.0"

[package.dependencies]
pytest = ">=2.7"

[package.extras]
dev = ["pre-commit", "tox", "pytest-asyncio"]

[[package]]
category = "main"
description = "Python 2 and 3 compatibility utilities"
name = "six"
optional = false
python-versions = ">=2.7, !=3.0.*, !=3.1.*, !=3.2.*"
version = "1.15.0"

[[package]]
category = "main"
description = "Structured Logging for Python"
name = "structlog"
optional = false
python-versions = "*"
version = "20.1.0"

[package.dependencies]
six = "*"

[package.extras]
azure-pipelines = ["coverage", "freezegun (>=0.2.8)", "pretend", "pytest (>=3.3.0)", "simplejson", "pytest-azurepipelines", "python-rapidjson", "pytest-asyncio"]
dev = ["coverage", "freezegun (>=0.2.8)", "pretend", "pytest (>=3.3.0)", "simplejson", "sphinx", "twisted", "pre-commit", "python-rapidjson", "pytest-asyncio"]
docs = ["sphinx", "twisted"]
tests = ["coverage", "freezegun (>=0.2.8)", "pretend", "pytest (>=3.3.0)", "simplejson", "python-rapidjson", "pytest-asyncio"]

[[package]]
category = "dev"
description = "Python Library for Tom's Obvious, Minimal Language"
name = "toml"
optional = false
python-versions = "*"
version = "0.10.1"

[[package]]
category = "dev"
description = "tox is a generic virtualenv management and test command line tool"
name = "tox"
optional = false
python-versions = "!=3.0.*,!=3.1.*,!=3.2.*,!=3.3.*,!=3.4.*,>=2.7"
version = "3.18.0"

[package.dependencies]
colorama = ">=0.4.1"
filelock = ">=3.0.0"
packaging = ">=14"
pluggy = ">=0.12.0"
py = ">=1.4.17"
six = ">=1.14.0"
toml = ">=0.9.4"
virtualenv = ">=16.0.0,<20.0.0 || >20.0.0,<20.0.1 || >20.0.1,<20.0.2 || >20.0.2,<20.0.3 || >20.0.3,<20.0.4 || >20.0.4,<20.0.5 || >20.0.5,<20.0.6 || >20.0.6,<20.0.7 || >20.0.7"

[package.extras]
docs = ["pygments-github-lexers (>=0.0.5)", "sphinx (>=2.0.0)", "sphinxcontrib-autoprogram (>=0.1.5)", "towncrier (>=18.5.0)"]
testing = ["flaky (>=3.4.0)", "freezegun (>=0.3.11)", "pathlib2 (>=2.3.3)", "pytest (>=4.0.0)", "pytest-cov (>=2.5.1)", "pytest-mock (>=1.10.0)", "pytest-randomly (>=1.0.0)", "pytest-xdist (>=1.22.2)", "psutil (>=5.6.1)"]

[[package]]
category = "dev"
description = "Virtual Python Environment builder"
name = "virtualenv"
optional = false
python-versions = "!=3.0.*,!=3.1.*,!=3.2.*,!=3.3.*,>=2.7"
version = "20.0.27"

[package.dependencies]
appdirs = ">=1.4.3,<2"
distlib = ">=0.3.1,<1"
filelock = ">=3.0.0,<4"
six = ">=1.9.0,<2"

[package.extras]
docs = ["sphinx (>=3)", "sphinx-argparse (>=0.2.5)", "sphinx-rtd-theme (>=0.4.3)", "towncrier (>=19.9.0rc1)", "proselint (>=0.10.2)"]
testing = ["pytest (>=4)", "coverage (>=5)", "coverage-enable-subprocess (>=1)", "pytest-xdist (>=1.31.0)", "pytest-mock (>=2)", "pytest-env (>=0.6.2)", "pytest-randomly (>=1)", "pytest-timeout (>=1)", "pytest-freezegun (>=0.4.1)", "flaky (>=3)", "packaging (>=20.0)", "xonsh (>=0.9.16)"]

[[package]]
category = "dev"
description = "Measures the displayed width of unicode strings in a terminal"
name = "wcwidth"
optional = false
python-versions = "*"
version = "0.2.5"

[metadata]
content-hash = "bec398db0463155145d5745da869f3008743a418f4ae68404711ae73976d9d3a"
lock-version = "1.0"
python-versions = "^3.8"

[metadata.files]
appdirs = [
    {file = "appdirs-1.4.4-py2.py3-none-any.whl", hash = "sha256:a841dacd6b99318a741b166adb07e19ee71a274450e68237b4650ca1055ab128"},
    {file = "appdirs-1.4.4.tar.gz", hash = "sha256:7d5d0167b2b1ba821647616af46a749d1c653740dd0d2415100fe26e27afdf41"},
]
atomicwrites = [
    {file = "atomicwrites-1.4.0-py2.py3-none-any.whl", hash = "sha256:6d1784dea7c0c8d4a5172b6c620f40b6e4cbfdf96d783691f2e1302a7b88e197"},
    {file = "atomicwrites-1.4.0.tar.gz", hash = "sha256:ae70396ad1a434f9c7046fd2dd196fc04b12f9e91ffb859164193be8b6168a7a"},
]
attrs = [
    {file = "attrs-19.3.0-py2.py3-none-any.whl", hash = "sha256:08a96c641c3a74e44eb59afb61a24f2cb9f4d7188748e76ba4bb5edfa3cb7d1c"},
    {file = "attrs-19.3.0.tar.gz", hash = "sha256:f7b7ce16570fe9965acd6d30101a28f62fb4a7f9e926b3bbc9b61f8b04247e72"},
]
colorama = [
    {file = "colorama-0.4.3-py2.py3-none-any.whl", hash = "sha256:7d73d2a99753107a36ac6b455ee49046802e59d9d076ef8e47b61499fa29afff"},
    {file = "colorama-0.4.3.tar.gz", hash = "sha256:e96da0d330793e2cb9485e9ddfd918d456036c7149416295932478192f4436a1"},
]
coverage = [
    {file = "coverage-5.2-cp27-cp27m-macosx_10_13_intel.whl", hash = "sha256:d9ad0a988ae20face62520785ec3595a5e64f35a21762a57d115dae0b8fb894a"},
    {file = "coverage-5.2-cp27-cp27m-macosx_10_9_x86_64.whl", hash = "sha256:4bb385a747e6ae8a65290b3df60d6c8a692a5599dc66c9fa3520e667886f2e10"},
    {file = "coverage-5.2-cp27-cp27m-manylinux1_i686.whl", hash = "sha256:9702e2cb1c6dec01fb8e1a64c015817c0800a6eca287552c47a5ee0ebddccf62"},
    {file = "coverage-5.2-cp27-cp27m-manylinux1_x86_64.whl", hash = "sha256:42fa45a29f1059eda4d3c7b509589cc0343cd6bbf083d6118216830cd1a51613"},
    {file = "coverage-5.2-cp27-cp27m-win32.whl", hash = "sha256:41d88736c42f4a22c494c32cc48a05828236e37c991bd9760f8923415e3169e4"},
    {file = "coverage-5.2-cp27-cp27m-win_amd64.whl", hash = "sha256:bbb387811f7a18bdc61a2ea3d102be0c7e239b0db9c83be7bfa50f095db5b92a"},
    {file = "coverage-5.2-cp27-cp27mu-manylinux1_i686.whl", hash = "sha256:3740b796015b889e46c260ff18b84683fa2e30f0f75a171fb10d2bf9fb91fc70"},
    {file = "coverage-5.2-cp27-cp27mu-manylinux1_x86_64.whl", hash = "sha256:ebf2431b2d457ae5217f3a1179533c456f3272ded16f8ed0b32961a6d90e38ee"},
    {file = "coverage-5.2-cp35-cp35m-macosx_10_13_x86_64.whl", hash = "sha256:d54d7ea74cc00482a2410d63bf10aa34ebe1c49ac50779652106c867f9986d6b"},
    {file = "coverage-5.2-cp35-cp35m-manylinux1_i686.whl", hash = "sha256:87bdc8135b8ee739840eee19b184804e5d57f518578ffc797f5afa2c3c297913"},
    {file = "coverage-5.2-cp35-cp35m-manylinux1_x86_64.whl", hash = "sha256:ed9a21502e9223f563e071759f769c3d6a2e1ba5328c31e86830368e8d78bc9c"},
    {file = "coverage-5.2-cp35-cp35m-win32.whl", hash = "sha256:509294f3e76d3f26b35083973fbc952e01e1727656d979b11182f273f08aa80b"},
    {file = "coverage-5.2-cp35-cp35m-win_amd64.whl", hash = "sha256:ca63dae130a2e788f2b249200f01d7fa240f24da0596501d387a50e57aa7075e"},
    {file = "coverage-5.2-cp36-cp36m-macosx_10_13_x86_64.whl", hash = "sha256:5c74c5b6045969b07c9fb36b665c9cac84d6c174a809fc1b21bdc06c7836d9a0"},
    {file = "coverage-5.2-cp36-cp36m-manylinux1_i686.whl", hash = "sha256:c32aa13cc3fe86b0f744dfe35a7f879ee33ac0a560684fef0f3e1580352b818f"},
    {file = "coverage-5.2-cp36-cp36m-manylinux1_x86_64.whl", hash = "sha256:1e58fca3d9ec1a423f1b7f2aa34af4f733cbfa9020c8fe39ca451b6071237405"},
    {file = "coverage-5.2-cp36-cp36m-win32.whl", hash = "sha256:3b2c34690f613525672697910894b60d15800ac7e779fbd0fccf532486c1ba40"},
    {file = "coverage-5.2-cp36-cp36m-win_amd64.whl", hash = "sha256:a4d511012beb967a39580ba7d2549edf1e6865a33e5fe51e4dce550522b3ac0e"},
    {file = "coverage-5.2-cp37-cp37m-macosx_10_13_x86_64.whl", hash = "sha256:32ecee61a43be509b91a526819717d5e5650e009a8d5eda8631a59c721d5f3b6"},
    {file = "coverage-5.2-cp37-cp37m-manylinux1_i686.whl", hash = "sha256:6f91b4492c5cde83bfe462f5b2b997cdf96a138f7c58b1140f05de5751623cf1"},
    {file = "coverage-5.2-cp37-cp37m-manylinux1_x86_64.whl", hash = "sha256:bfcc811883699ed49afc58b1ed9f80428a18eb9166422bce3c31a53dba00fd1d"},
    {file = "coverage-5.2-cp37-cp37m-win32.whl", hash = "sha256:60a3d36297b65c7f78329b80120f72947140f45b5c7a017ea730f9112b40f2ec"},
    {file = "coverage-5.2-cp37-cp37m-win_amd64.whl", hash = "sha256:12eaccd86d9a373aea59869bc9cfa0ab6ba8b1477752110cb4c10d165474f703"},
    {file = "coverage-5.2-cp38-cp38-macosx_10_13_x86_64.whl", hash = "sha256:d82db1b9a92cb5c67661ca6616bdca6ff931deceebb98eecbd328812dab52032"},
    {file = "coverage-5.2-cp38-cp38-manylinux1_i686.whl", hash = "sha256:214eb2110217f2636a9329bc766507ab71a3a06a8ea30cdeebb47c24dce5972d"},
    {file = "coverage-5.2-cp38-cp38-manylinux1_x86_64.whl", hash = "sha256:8a3decd12e7934d0254939e2bf434bf04a5890c5bf91a982685021786a08087e"},
    {file = "coverage-5.2-cp38-cp38-win32.whl", hash = "sha256:1dcebae667b73fd4aa69237e6afb39abc2f27520f2358590c1b13dd90e32abe7"},
    {file = "coverage-5.2-cp38-cp38-win_amd64.whl", hash = "sha256:f50632ef2d749f541ca8e6c07c9928a37f87505ce3a9f20c8446ad310f1aa87b"},
    {file = "coverage-5.2-cp39-cp39-macosx_10_13_x86_64.whl", hash = "sha256:7403675df5e27745571aba1c957c7da2dacb537c21e14007ec3a417bf31f7f3d"},
    {file = "coverage-5.2-cp39-cp39-manylinux1_i686.whl", hash = "sha256:0fc4e0d91350d6f43ef6a61f64a48e917637e1dcfcba4b4b7d543c628ef82c2d"},
    {file = "coverage-5.2-cp39-cp39-manylinux1_x86_64.whl", hash = "sha256:25fe74b5b2f1b4abb11e103bb7984daca8f8292683957d0738cd692f6a7cc64c"},
    {file = "coverage-5.2-cp39-cp39-win32.whl", hash = "sha256:d67599521dff98ec8c34cd9652cbcfe16ed076a2209625fca9dc7419b6370e5c"},
    {file = "coverage-5.2-cp39-cp39-win_amd64.whl", hash = "sha256:10f2a618a6e75adf64329f828a6a5b40244c1c50f5ef4ce4109e904e69c71bd2"},
    {file = "coverage-5.2.tar.gz", hash = "sha256:1874bdc943654ba46d28f179c1846f5710eda3aeb265ff029e0ac2b52daae404"},
]
distlib = [
    {file = "distlib-0.3.1-py2.py3-none-any.whl", hash = "sha256:8c09de2c67b3e7deef7184574fc060ab8a793e7adbb183d942c389c8b13c52fb"},
    {file = "distlib-0.3.1.zip", hash = "sha256:edf6116872c863e1aa9d5bb7cb5e05a022c519a4594dc703843343a9ddd9bff1"},
]
filelock = [
    {file = "filelock-3.0.12-py3-none-any.whl", hash = "sha256:929b7d63ec5b7d6b71b0fa5ac14e030b3f70b75747cef1b10da9b879fef15836"},
    {file = "filelock-3.0.12.tar.gz", hash = "sha256:18d82244ee114f543149c66a6e0c14e9c4f8a1044b5cdaadd0f82159d6a6ff59"},
]
lxml = [
    {file = "lxml-4.5.2-cp27-cp27m-macosx_10_9_x86_64.whl", hash = "sha256:74f48ec98430e06c1fa8949b49ebdd8d27ceb9df8d3d1c92e1fdc2773f003f20"},
    {file = "lxml-4.5.2-cp27-cp27m-manylinux1_i686.whl", hash = "sha256:e70d4e467e243455492f5de463b72151cc400710ac03a0678206a5f27e79ddef"},
    {file = "lxml-4.5.2-cp27-cp27m-manylinux1_x86_64.whl", hash = "sha256:7ad7906e098ccd30d8f7068030a0b16668ab8aa5cda6fcd5146d8d20cbaa71b5"},
    {file = "lxml-4.5.2-cp27-cp27m-win32.whl", hash = "sha256:92282c83547a9add85ad658143c76a64a8d339028926d7dc1998ca029c88ea6a"},
    {file = "lxml-4.5.2-cp27-cp27m-win_amd64.whl", hash = "sha256:05a444b207901a68a6526948c7cc8f9fe6d6f24c70781488e32fd74ff5996e3f"},
    {file = "lxml-4.5.2-cp27-cp27mu-manylinux1_i686.whl", hash = "sha256:94150231f1e90c9595ccc80d7d2006c61f90a5995db82bccbca7944fd457f0f6"},
    {file = "lxml-4.5.2-cp27-cp27mu-manylinux1_x86_64.whl", hash = "sha256:bea760a63ce9bba566c23f726d72b3c0250e2fa2569909e2d83cda1534c79443"},
    {file = "lxml-4.5.2-cp35-cp35m-manylinux1_i686.whl", hash = "sha256:c3f511a3c58676147c277eff0224c061dd5a6a8e1373572ac817ac6324f1b1e0"},
    {file = "lxml-4.5.2-cp35-cp35m-manylinux1_x86_64.whl", hash = "sha256:59daa84aef650b11bccd18f99f64bfe44b9f14a08a28259959d33676554065a1"},
    {file = "lxml-4.5.2-cp35-cp35m-manylinux2014_aarch64.whl", hash = "sha256:c9d317efde4bafbc1561509bfa8a23c5cab66c44d49ab5b63ff690f5159b2304"},
    {file = "lxml-4.5.2-cp35-cp35m-win32.whl", hash = "sha256:9dc9006dcc47e00a8a6a029eb035c8f696ad38e40a27d073a003d7d1443f5d88"},
    {file = "lxml-4.5.2-cp35-cp35m-win_amd64.whl", hash = "sha256:08fc93257dcfe9542c0a6883a25ba4971d78297f63d7a5a26ffa34861ca78730"},
    {file = "lxml-4.5.2-cp36-cp36m-macosx_10_9_x86_64.whl", hash = "sha256:121b665b04083a1e85ff1f5243d4a93aa1aaba281bc12ea334d5a187278ceaf1"},
    {file = "lxml-4.5.2-cp36-cp36m-manylinux1_i686.whl", hash = "sha256:5591c4164755778e29e69b86e425880f852464a21c7bb53c7ea453bbe2633bbe"},
    {file = "lxml-4.5.2-cp36-cp36m-manylinux1_x86_64.whl", hash = "sha256:cc411ad324a4486b142c41d9b2b6a722c534096963688d879ea6fa8a35028258"},
    {file = "lxml-4.5.2-cp36-cp36m-manylinux2014_aarch64.whl", hash = "sha256:1fa21263c3aba2b76fd7c45713d4428dbcc7644d73dcf0650e9d344e433741b3"},
    {file = "lxml-4.5.2-cp36-cp36m-win32.whl", hash = "sha256:786aad2aa20de3dbff21aab86b2fb6a7be68064cbbc0219bde414d3a30aa47ae"},
    {file = "lxml-4.5.2-cp36-cp36m-win_amd64.whl", hash = "sha256:e1cacf4796b20865789083252186ce9dc6cc59eca0c2e79cca332bdff24ac481"},
    {file = "lxml-4.5.2-cp37-cp37m-macosx_10_9_x86_64.whl", hash = "sha256:80a38b188d20c0524fe8959c8ce770a8fdf0e617c6912d23fc97c68301bb9aba"},
    {file = "lxml-4.5.2-cp37-cp37m-manylinux1_i686.whl", hash = "sha256:ecc930ae559ea8a43377e8b60ca6f8d61ac532fc57efb915d899de4a67928efd"},
    {file = "lxml-4.5.2-cp37-cp37m-manylinux1_x86_64.whl", hash = "sha256:a76979f728dd845655026ab991df25d26379a1a8fc1e9e68e25c7eda43004bed"},
    {file = "lxml-4.5.2-cp37-cp37m-manylinux2014_aarch64.whl", hash = "sha256:cfd7c5dd3c35c19cec59c63df9571c67c6d6e5c92e0fe63517920e97f61106d1"},
    {file = "lxml-4.5.2-cp37-cp37m-win32.whl", hash = "sha256:5a9c8d11aa2c8f8b6043d845927a51eb9102eb558e3f936df494e96393f5fd3e"},
    {file = "lxml-4.5.2-cp37-cp37m-win_amd64.whl", hash = "sha256:4b4a111bcf4b9c948e020fd207f915c24a6de3f1adc7682a2d92660eb4e84f1a"},
    {file = "lxml-4.5.2-cp38-cp38-macosx_10_9_x86_64.whl", hash = "sha256:5dd20538a60c4cc9a077d3b715bb42307239fcd25ef1ca7286775f95e9e9a46d"},
    {file = "lxml-4.5.2-cp38-cp38-manylinux1_i686.whl", hash = "sha256:2b30aa2bcff8e958cd85d907d5109820b01ac511eae5b460803430a7404e34d7"},
    {file = "lxml-4.5.2-cp38-cp38-manylinux1_x86_64.whl", hash = "sha256:aa8eba3db3d8761db161003e2d0586608092e217151d7458206e243be5a43843"},
    {file = "lxml-4.5.2-cp38-cp38-manylinux2014_aarch64.whl", hash = "sha256:8f0ec6b9b3832e0bd1d57af41f9238ea7709bbd7271f639024f2fc9d3bb01293"},
    {file = "lxml-4.5.2-cp38-cp38-win32.whl", hash = "sha256:107781b213cf7201ec3806555657ccda67b1fccc4261fb889ef7fc56976db81f"},
    {file = "lxml-4.5.2-cp38-cp38-win_amd64.whl", hash = "sha256:f161af26f596131b63b236372e4ce40f3167c1b5b5d459b29d2514bd8c9dc9ee"},
    {file = "lxml-4.5.2.tar.gz", hash = "sha256:cdc13a1682b2a6241080745b1953719e7fe0850b40a5c71ca574f090a1391df6"},
]
more-itertools = [
    {file = "more-itertools-8.4.0.tar.gz", hash = "sha256:68c70cc7167bdf5c7c9d8f6954a7837089c6a36bf565383919bb595efb8a17e5"},
    {file = "more_itertools-8.4.0-py3-none-any.whl", hash = "sha256:b78134b2063dd214000685165d81c154522c3ee0a1c0d4d113c80361c234c5a2"},
]
packaging = [
    {file = "packaging-20.4-py2.py3-none-any.whl", hash = "sha256:998416ba6962ae7fbd6596850b80e17859a5753ba17c32284f67bfff33784181"},
    {file = "packaging-20.4.tar.gz", hash = "sha256:4357f74f47b9c12db93624a82154e9b120fa8293699949152b22065d556079f8"},
]
pluggy = [
    {file = "pluggy-0.13.1-py2.py3-none-any.whl", hash = "sha256:966c145cd83c96502c3c3868f50408687b38434af77734af1e9ca461a4081d2d"},
    {file = "pluggy-0.13.1.tar.gz", hash = "sha256:15b2acde666561e1298d71b523007ed7364de07029219b604cf808bfa1c765b0"},
]
py = [
    {file = "py-1.9.0-py2.py3-none-any.whl", hash = "sha256:366389d1db726cd2fcfc79732e75410e5fe4d31db13692115529d34069a043c2"},
    {file = "py-1.9.0.tar.gz", hash = "sha256:9ca6883ce56b4e8da7e79ac18787889fa5206c79dcc67fb065376cd2fe03f342"},
]
pyparsing = [
    {file = "pyparsing-2.4.7-py2.py3-none-any.whl", hash = "sha256:ef9d7589ef3c200abe66653d3f1ab1033c3c419ae9b9bdb1240a85b024efc88b"},
    {file = "pyparsing-2.4.7.tar.gz", hash = "sha256:c203ec8783bf771a155b207279b9bccb8dea02d8f0c9e5f8ead507bc3246ecc1"},
]
pytest = [
    {file = "pytest-5.4.3-py3-none-any.whl", hash = "sha256:5c0db86b698e8f170ba4582a492248919255fcd4c79b1ee64ace34301fb589a1"},
    {file = "pytest-5.4.3.tar.gz", hash = "sha256:7979331bfcba207414f5e1263b5a0f8f521d0f457318836a7355531ed1a4c7d8"},
]
pytest-cov = [
    {file = "pytest-cov-2.10.0.tar.gz", hash = "sha256:1a629dc9f48e53512fcbfda6b07de490c374b0c83c55ff7a1720b3fccff0ac87"},
    {file = "pytest_cov-2.10.0-py2.py3-none-any.whl", hash = "sha256:6e6d18092dce6fad667cd7020deed816f858ad3b49d5b5e2b1cc1c97a4dba65c"},
]
pytest-cover = [
    {file = "pytest-cover-3.0.0.tar.gz", hash = "sha256:5bdb6c1cc3dd75583bb7bc2c57f5e1034a1bfcb79d27c71aceb0b16af981dbf4"},
    {file = "pytest_cover-3.0.0-py2.py3-none-any.whl", hash = "sha256:578249955eb3b5f3991209df6e532bb770b647743b7392d3d97698dc02f39ebb"},
]
pytest-coverage = [
    {file = "pytest-coverage-0.0.tar.gz", hash = "sha256:db6af2cbd7e458c7c9fd2b4207cee75258243c8a81cad31a7ee8cfad5be93c05"},
    {file = "pytest_coverage-0.0-py2.py3-none-any.whl", hash = "sha256:dedd084c5e74d8e669355325916dc011539b190355021b037242514dee546368"},
]
pytest-mock = [
    {file = "pytest-mock-3.2.0.tar.gz", hash = "sha256:7122d55505d5ed5a6f3df940ad174b3f606ecae5e9bc379569cdcbd4cd9d2b83"},
    {file = "pytest_mock-3.2.0-py3-none-any.whl", hash = "sha256:5564c7cd2569b603f8451ec77928083054d8896046830ca763ed68f4112d17c7"},
]
six = [
    {file = "six-1.15.0-py2.py3-none-any.whl", hash = "sha256:8b74bedcbbbaca38ff6d7491d76f2b06b3592611af620f8426e82dddb04a5ced"},
    {file = "six-1.15.0.tar.gz", hash = "sha256:30639c035cdb23534cd4aa2dd52c3bf48f06e5f4a941509c8bafd8ce11080259"},
]
structlog = [
    {file = "structlog-20.1.0-py2.py3-none-any.whl", hash = "sha256:8a672be150547a93d90a7d74229a29e765be05bd156a35cdcc527ebf68e9af92"},
    {file = "structlog-20.1.0.tar.gz", hash = "sha256:7a48375db6274ed1d0ae6123c486472aa1d0890b08d314d2b016f3aa7f35990b"},
]
toml = [
    {file = "toml-0.10.1-py2.py3-none-any.whl", hash = "sha256:bda89d5935c2eac546d648028b9901107a595863cb36bae0c73ac804a9b4ce88"},
    {file = "toml-0.10.1.tar.gz", hash = "sha256:926b612be1e5ce0634a2ca03470f95169cf16f939018233a670519cb4ac58b0f"},
]
tox = [
    {file = "tox-3.18.0-py2.py3-none-any.whl", hash = "sha256:c60692d92fe759f46c610ac04c03cf0169432d1ff8e981e8ae63e068d0954fc3"},
    {file = "tox-3.18.0.tar.gz", hash = "sha256:f179cb4043d7dc1339425dd49ab1dd8c916246b0d9173143c1b0af7498a03ab0"},
]
virtualenv = [
    {file = "virtualenv-20.0.27-py2.py3-none-any.whl", hash = "sha256:c51f1ba727d1614ce8fd62457748b469fbedfdab2c7e5dd480c9ae3fbe1233f1"},
    {file = "virtualenv-20.0.27.tar.gz", hash = "sha256:26cdd725a57fef4c7c22060dba4647ebd8ca377e30d1c1cf547b30a0b79c43b4"},
]
wcwidth = [
    {file = "wcwidth-0.2.5-py2.py3-none-any.whl", hash = "sha256:beb4802a9cebb9144e99086eff703a642a13d6a0052920003a230f3294bbe784"},
    {file = "wcwidth-0.2.5.tar.gz", hash = "sha256:c4d647b99872929fdb7bdcaa4fbe7f01413ed3d98077df798530e5b04f116c83"},
]
